
Microsoft Visual Studio Solution File, Format Version 12.00
# Visual Studio 15
Project("{FAE04EC0-301F-11D3-BF4B-00C04F79EFBC}") = "Assembly-CSharp", "Assembly-CSharp.csproj", "{7998203C-730F-1B2D-0BA9-8EC5E9CA86A0}"
EndProject
Project("{FAE04EC0-301F-11D3-BF4B-00C04F79EFBC}") = "Assembly-CSharp-firstpass", "Assembly-CSharp-firstpass.csproj", "{3A6433ED-396F-CDB6-9A54-3CA535082601}"
EndProject
Project("{FAE04EC0-301F-11D3-BF4B-00C04F79EFBC}") = "Assembly-CSharp-Editor-firstpass", "Assembly-CSharp-Editor-firstpass.csproj", "{19B666FA-AA0E-9F6E-E418-14D5F9F3AFB4}"
EndProject
Global
	GlobalSection(SolutionConfigurationPlatforms) = preSolution
		Debug|Any CPU = Debug|Any CPU
		Release|Any CPU = Release|Any CPU
	EndGlobalSection
	GlobalSection(ProjectConfigurationPlatforms) = postSolution
		{7998203C-730F-1B2D-0BA9-8EC5E9CA86A0}.Debug|Any CPU.ActiveCfg = Debug|Any CPU
		{7998203C-730F-1B2D-0BA9-8EC5E9CA86A0}.Debug|Any CPU.Build.0 = Debug|Any CPU
		{7998203C-730F-1B2D-0BA9-8EC5E9CA86A0}.Release|Any CPU.ActiveCfg = Release|Any CPU
		{7998203C-730F-1B2D-0BA9-8EC5E9CA86A0}.Release|Any CPU.Build.0 = Release|Any CPU
		{3A6433ED-396F-CDB6-9A54-3CA535082601}.Debug|Any CPU.ActiveCfg = Debug|Any CPU
		{3A6433ED-396F-CDB6-9A54-3CA535082601}.Debug|Any CPU.Build.0 = Debug|Any CPU
		{3A6433ED-396F-CDB6-9A54-3CA535082601}.Release|Any CPU.ActiveCfg = Release|Any CPU
		{3A6433ED-396F-CDB6-9A54-3CA535082601}.Release|Any CPU.Build.0 = Release|Any CPU
		{19B666FA-AA0E-9F6E-E418-14D5F9F3AFB4}.Debug|Any CPU.ActiveCfg = Debug|Any CPU
		{19B666FA-AA0E-9F6E-E418-14D5F9F3AFB4}.Debug|Any CPU.Build.0 = Debug|Any CPU
		{19B666FA-AA0E-9F6E-E418-14D5F9F3AFB4}.Release|Any CPU.ActiveCfg = Release|Any CPU
		{19B666FA-AA0E-9F6E-E418-14D5F9F3AFB4}.Release|Any CPU.Build.0 = Release|Any CPU
	EndGlobalSection
	GlobalSection(SolutionProperties) = preSolution
		HideSolutionNode = FALSE
	EndGlobalSection
EndGlobal
